// !$*UTF8*$!
{
	archiveVersion = 1;
	classes = {
	};
	objectVersion = 46;
	objects = {

/* Begin PBXBuildFile section */
		683501871B27A76400C28EF8 /* main.m in Sources */ = {isa = PBXBuildFile; fileRef = 683501861B27A76400C28EF8 /* main.m */; };
		6835018A1B27A76400C28EF8 /* AppDelegate.m in Sources */ = {isa = PBXBuildFile; fileRef = 683501891B27A76400C28EF8 /* AppDelegate.m */; };
		683501901B27A76400C28EF8 /* Main.storyboard in Resources */ = {isa = PBXBuildFile; fileRef = 6835018E1B27A76400C28EF8 /* Main.storyboard */; };
		683501921B27A76400C28EF8 /* Images.xcassets in Resources */ = {isa = PBXBuildFile; fileRef = 683501911B27A76400C28EF8 /* Images.xcassets */; };
		683501951B27A76400C28EF8 /* LaunchScreen.xib in Resources */ = {isa = PBXBuildFile; fileRef = 683501931B27A76400C28EF8 /* LaunchScreen.xib */; };
		683501A11B27A76400C28EF8 /* Remember_MeTests.m in Sources */ = {isa = PBXBuildFile; fileRef = 683501A01B27A76400C28EF8 /* Remember_MeTests.m */; };
		683501AC1B27A84C00C28EF8 /* CloudKit.framework in Frameworks */ = {isa = PBXBuildFile; fileRef = 683501AB1B27A84C00C28EF8 /* CloudKit.framework */; };
		683501AF1B28B39900C28EF8 /* NamesTableViewController.m in Sources */ = {isa = PBXBuildFile; fileRef = 683501AE1B28B39900C28EF8 /* NamesTableViewController.m */; };
		683501B21B28D96500C28EF8 /* Realm.framework in Frameworks */ = {isa = PBXBuildFile; fileRef = 683501B11B28D96500C28EF8 /* Realm.framework */; };
		683501B41B28D99600C28EF8 /* libc++.dylib in Frameworks */ = {isa = PBXBuildFile; fileRef = 683501B31B28D99600C28EF8 /* libc++.dylib */; };
		683501BB1B28DD0B00C28EF8 /* RMName.m in Sources */ = {isa = PBXBuildFile; fileRef = 683501BA1B28DD0B00C28EF8 /* RMName.m */; };
		683501BE1B28E40200C28EF8 /* NameTableViewCell.m in Sources */ = {isa = PBXBuildFile; fileRef = 683501BD1B28E40200C28EF8 /* NameTableViewCell.m */; };
		683501C11B2922DB00C28EF8 /* RMRemember.m in Sources */ = {isa = PBXBuildFile; fileRef = 683501C01B2922DB00C28EF8 /* RMRemember.m */; };
/* End PBXBuildFile section */

/* Begin PBXContainerItemProxy section */
		6835019B1B27A76400C28EF8 /* PBXContainerItemProxy */ = {
			isa = PBXContainerItemProxy;
			containerPortal = 683501791B27A76400C28EF8 /* Project object */;
			proxyType = 1;
			remoteGlobalIDString = 683501801B27A76400C28EF8;
			remoteInfo = "Remember Me";
		};
/* End PBXContainerItemProxy section */

/* Begin PBXFileReference section */
		683501811B27A76400C28EF8 /* Remember Me.app */ = {isa = PBXFileReference; explicitFileType = wrapper.application; includeInIndex = 0; path = "Remember Me.app"; sourceTree = BUILT_PRODUCTS_DIR; };
		683501851B27A76400C28EF8 /* Info.plist */ = {isa = PBXFileReference; lastKnownFileType = text.plist.xml; path = Info.plist; sourceTree = "<group>"; };
		683501861B27A76400C28EF8 /* main.m */ = {isa = PBXFileReference; lastKnownFileType = sourcecode.c.objc; path = main.m; sourceTree = "<group>"; };
		683501881B27A76400C28EF8 /* AppDelegate.h */ = {isa = PBXFileReference; lastKnownFileType = sourcecode.c.h; path = AppDelegate.h; sourceTree = "<group>"; };
		683501891B27A76400C28EF8 /* AppDelegate.m */ = {isa = PBXFileReference; lastKnownFileType = sourcecode.c.objc; path = AppDelegate.m; sourceTree = "<group>"; };
		6835018F1B27A76400C28EF8 /* Base */ = {isa = PBXFileReference; lastKnownFileType = file.storyboard; name = Base; path = Base.lproj/Main.storyboard; sourceTree = "<group>"; };
		683501911B27A76400C28EF8 /* Images.xcassets */ = {isa = PBXFileReference; lastKnownFileType = folder.assetcatalog; path = Images.xcassets; sourceTree = "<group>"; };
		683501941B27A76400C28EF8 /* Base */ = {isa = PBXFileReference; lastKnownFileType = file.xib; name = Base; path = Base.lproj/LaunchScreen.xib; sourceTree = "<group>"; };
		6835019A1B27A76400C28EF8 /* Remember MeTests.xctest */ = {isa = PBXFileReference; explicitFileType = wrapper.cfbundle; includeInIndex = 0; path = "Remember MeTests.xctest"; sourceTree = BUILT_PRODUCTS_DIR; };
		6835019F1B27A76400C28EF8 /* Info.plist */ = {isa = PBXFileReference; lastKnownFileType = text.plist.xml; path = Info.plist; sourceTree = "<group>"; };
		683501A01B27A76400C28EF8 /* Remember_MeTests.m */ = {isa = PBXFileReference; lastKnownFileType = sourcecode.c.objc; path = Remember_MeTests.m; sourceTree = "<group>"; };
		683501AA1B27A84800C28EF8 /* Remember Me.entitlements */ = {isa = PBXFileReference; lastKnownFileType = text.xml; path = "Remember Me.entitlements"; sourceTree = "<group>"; };
		683501AB1B27A84C00C28EF8 /* CloudKit.framework */ = {isa = PBXFileReference; lastKnownFileType = wrapper.framework; name = CloudKit.framework; path = System/Library/Frameworks/CloudKit.framework; sourceTree = SDKROOT; };
		683501AD1B28B39900C28EF8 /* NamesTableViewController.h */ = {isa = PBXFileReference; fileEncoding = 4; lastKnownFileType = sourcecode.c.h; path = NamesTableViewController.h; sourceTree = "<group>"; };
		683501AE1B28B39900C28EF8 /* NamesTableViewController.m */ = {isa = PBXFileReference; fileEncoding = 4; lastKnownFileType = sourcecode.c.objc; path = NamesTableViewController.m; sourceTree = "<group>"; };
		683501B11B28D96500C28EF8 /* Realm.framework */ = {isa = PBXFileReference; lastKnownFileType = wrapper.framework; path = Realm.framework; sourceTree = "<group>"; };
		683501B31B28D99600C28EF8 /* libc++.dylib */ = {isa = PBXFileReference; lastKnownFileType = "compiled.mach-o.dylib"; name = "libc++.dylib"; path = "usr/lib/libc++.dylib"; sourceTree = SDKROOT; };
		683501B91B28DD0B00C28EF8 /* RMName.h */ = {isa = PBXFileReference; fileEncoding = 4; lastKnownFileType = sourcecode.c.h; path = RMName.h; sourceTree = "<group>"; };
		683501BA1B28DD0B00C28EF8 /* RMName.m */ = {isa = PBXFileReference; fileEncoding = 4; lastKnownFileType = sourcecode.c.objc; path = RMName.m; sourceTree = "<group>"; };
		683501BC1B28E40200C28EF8 /* NameTableViewCell.h */ = {isa = PBXFileReference; fileEncoding = 4; lastKnownFileType = sourcecode.c.h; path = NameTableViewCell.h; sourceTree = "<group>"; };
		683501BD1B28E40200C28EF8 /* NameTableViewCell.m */ = {isa = PBXFileReference; fileEncoding = 4; lastKnownFileType = sourcecode.c.objc; path = NameTableViewCell.m; sourceTree = "<group>"; };
		683501BF1B2922DB00C28EF8 /* RMRemember.h */ = {isa = PBXFileReference; fileEncoding = 4; lastKnownFileType = sourcecode.c.h; path = RMRemember.h; sourceTree = "<group>"; };
		683501C01B2922DB00C28EF8 /* RMRemember.m */ = {isa = PBXFileReference; fileEncoding = 4; lastKnownFileType = sourcecode.c.objc; path = RMRemember.m; sourceTree = "<group>"; };
/* End PBXFileReference section */

/* Begin PBXFrameworksBuildPhase section */
		6835017E1B27A76400C28EF8 /* Frameworks */ = {
			isa = PBXFrameworksBuildPhase;
			buildActionMask = 2147483647;
			files = (
				683501B41B28D99600C28EF8 /* libc++.dylib in Frameworks */,
				683501B21B28D96500C28EF8 /* Realm.framework in Frameworks */,
				683501AC1B27A84C00C28EF8 /* CloudKit.framework in Frameworks */,
			);
			runOnlyForDeploymentPostprocessing = 0;
		};
		683501971B27A76400C28EF8 /* Frameworks */ = {
			isa = PBXFrameworksBuildPhase;
			buildActionMask = 2147483647;
			files = (
			);
			runOnlyForDeploymentPostprocessing = 0;
		};
/* End PBXFrameworksBuildPhase section */

/* Begin PBXGroup section */
		683501781B27A76400C28EF8 = {
			isa = PBXGroup;
			children = (
				683501B31B28D99600C28EF8 /* libc++.dylib */,
				683501B11B28D96500C28EF8 /* Realm.framework */,
				683501AB1B27A84C00C28EF8 /* CloudKit.framework */,
				683501831B27A76400C28EF8 /* Remember Me */,
				6835019D1B27A76400C28EF8 /* Remember MeTests */,
				683501821B27A76400C28EF8 /* Products */,
			);
			sourceTree = "<group>";
		};
		683501821B27A76400C28EF8 /* Products */ = {
			isa = PBXGroup;
			children = (
				683501811B27A76400C28EF8 /* Remember Me.app */,
				6835019A1B27A76400C28EF8 /* Remember MeTests.xctest */,
			);
			name = Products;
			sourceTree = "<group>";
		};
		683501831B27A76400C28EF8 /* Remember Me */ = {
			isa = PBXGroup;
			children = (
				683501B51B28DB5B00C28EF8 /* Remember Me Model */,
				683501B01B28D6D100C28EF8 /* Names View */,
				683501AA1B27A84800C28EF8 /* Remember Me.entitlements */,
				683501881B27A76400C28EF8 /* AppDelegate.h */,
				683501891B27A76400C28EF8 /* AppDelegate.m */,
				6835018E1B27A76400C28EF8 /* Main.storyboard */,
				683501911B27A76400C28EF8 /* Images.xcassets */,
				683501931B27A76400C28EF8 /* LaunchScreen.xib */,
				683501841B27A76400C28EF8 /* Supporting Files */,
			);
			path = "Remember Me";
			sourceTree = "<group>";
		};
		683501841B27A76400C28EF8 /* Supporting Files */ = {
			isa = PBXGroup;
			children = (
				683501851B27A76400C28EF8 /* Info.plist */,
				683501861B27A76400C28EF8 /* main.m */,
			);
			name = "Supporting Files";
			sourceTree = "<group>";
		};
		6835019D1B27A76400C28EF8 /* Remember MeTests */ = {
			isa = PBXGroup;
			children = (
				683501A01B27A76400C28EF8 /* Remember_MeTests.m */,
				6835019E1B27A76400C28EF8 /* Supporting Files */,
			);
			path = "Remember MeTests";
			sourceTree = "<group>";
		};
		6835019E1B27A76400C28EF8 /* Supporting Files */ = {
			isa = PBXGroup;
			children = (
				6835019F1B27A76400C28EF8 /* Info.plist */,
			);
			name = "Supporting Files";
			sourceTree = "<group>";
		};
		683501B01B28D6D100C28EF8 /* Names View */ = {
			isa = PBXGroup;
			children = (
				683501AD1B28B39900C28EF8 /* NamesTableViewController.h */,
				683501AE1B28B39900C28EF8 /* NamesTableViewController.m */,
				683501BC1B28E40200C28EF8 /* NameTableViewCell.h */,
				683501BD1B28E40200C28EF8 /* NameTableViewCell.m */,
			);
			name = "Names View";
			sourceTree = "<group>";
		};
		683501B51B28DB5B00C28EF8 /* Remember Me Model */ = {
			isa = PBXGroup;
			children = (
				683501B91B28DD0B00C28EF8 /* RMName.h */,
				683501BA1B28DD0B00C28EF8 /* RMName.m */,
				683501BF1B2922DB00C28EF8 /* RMRemember.h */,
				683501C01B2922DB00C28EF8 /* RMRemember.m */,
			);
			name = "Remember Me Model";
			sourceTree = "<group>";
		};
/* End PBXGroup section */

/* Begin PBXNativeTarget section */
		683501801B27A76400C28EF8 /* Remember Me */ = {
			isa = PBXNativeTarget;
			buildConfigurationList = 683501A41B27A76400C28EF8 /* Build configuration list for PBXNativeTarget "Remember Me" */;
			buildPhases = (
				6835017D1B27A76400C28EF8 /* Sources */,
				6835017E1B27A76400C28EF8 /* Frameworks */,
				6835017F1B27A76400C28EF8 /* Resources */,
			);
			buildRules = (
			);
			dependencies = (
			);
			name = "Remember Me";
			productName = "Remember Me";
			productReference = 683501811B27A76400C28EF8 /* Remember Me.app */;
			productType = "com.apple.product-type.application";
		};
		683501991B27A76400C28EF8 /* Remember MeTests */ = {
			isa = PBXNativeTarget;
			buildConfigurationList = 683501A71B27A76400C28EF8 /* Build configuration list for PBXNativeTarget "Remember MeTests" */;
			buildPhases = (
				683501961B27A76400C28EF8 /* Sources */,
				683501971B27A76400C28EF8 /* Frameworks */,
				683501981B27A76400C28EF8 /* Resources */,
			);
			buildRules = (
			);
			dependencies = (
				6835019C1B27A76400C28EF8 /* PBXTargetDependency */,
			);
			name = "Remember MeTests";
			productName = "Remember MeTests";
			productReference = 6835019A1B27A76400C28EF8 /* Remember MeTests.xctest */;
			productType = "com.apple.product-type.bundle.unit-test";
		};
/* End PBXNativeTarget section */

/* Begin PBXProject section */
		683501791B27A76400C28EF8 /* Project object */ = {
			isa = PBXProject;
			attributes = {
				LastUpgradeCheck = 0630;
				ORGANIZATIONNAME = "Ryan Wahle";
				TargetAttributes = {
					683501801B27A76400C28EF8 = {
						CreatedOnToolsVersion = 6.3.2;
						DevelopmentTeam = BZPDEM3ES7;
						SystemCapabilities = {
							com.apple.iCloud = {
								enabled = 1;
							};
						};
					};
					683501991B27A76400C28EF8 = {
						CreatedOnToolsVersion = 6.3.2;
						TestTargetID = 683501801B27A76400C28EF8;
					};
				};
			};
			buildConfigurationList = 6835017C1B27A76400C28EF8 /* Build configuration list for PBXProject "Remember Me" */;
			compatibilityVersion = "Xcode 3.2";
			developmentRegion = English;
			hasScannedForEncodings = 0;
			knownRegions = (
				en,
				Base,
			);
			mainGroup = 683501781B27A76400C28EF8;
			productRefGroup = 683501821B27A76400C28EF8 /* Products */;
			projectDirPath = "";
			projectRoot = "";
			targets = (
				683501801B27A76400C28EF8 /* Remember Me */,
				683501991B27A76400C28EF8 /* Remember MeTests */,
			);
		};
/* End PBXProject section */

/* Begin PBXResourcesBuildPhase section */
		6835017F1B27A76400C28EF8 /* Resources */ = {
			isa = PBXResourcesBuildPhase;
			buildActionMask = 2147483647;
			files = (
				683501901B27A76400C28EF8 /* Main.storyboard in Resources */,
				683501951B27A76400C28EF8 /* LaunchScreen.xib in Resources */,
				683501921B27A76400C28EF8 /* Images.xcassets in Resources */,
			);
			runOnlyForDeploymentPostprocessing = 0;
		};
		683501981B27A76400C28EF8 /* Resources */ = {
			isa = PBXResourcesBuildPhase;
			buildActionMask = 2147483647;
			files = (
			);
			runOnlyForDeploymentPostprocessing = 0;
		};
/* End PBXResourcesBuildPhase section */

/* Begin PBXSourcesBuildPhase section */
		6835017D1B27A76400C28EF8 /* Sources */ = {
			isa = PBXSourcesBuildPhase;
			buildActionMask = 2147483647;
			files = (
				6835018A1B27A76400C28EF8 /* AppDelegate.m in Sources */,
				683501AF1B28B39900C28EF8 /* NamesTableViewController.m in Sources */,
				683501BE1B28E40200C28EF8 /* NameTableViewCell.m in Sources */,
				683501C11B2922DB00C28EF8 /* RMRemember.m in Sources */,
				683501871B27A76400C28EF8 /* main.m in Sources */,
				683501BB1B28DD0B00C28EF8 /* RMName.m in Sources */,
			);
			runOnlyForDeploymentPostprocessing = 0;
		};
		683501961B27A76400C28EF8 /* Sources */ = {
			isa = PBXSourcesBuildPhase;
			buildActionMask = 2147483647;
			files = (
				683501A11B27A76400C28EF8 /* Remember_MeTests.m in Sources */,
			);
			runOnlyForDeploymentPostprocessing = 0;
		};
/* End PBXSourcesBuildPhase section */

/* Begin PBXTargetDependency section */
		6835019C1B27A76400C28EF8 /* PBXTargetDependency */ = {
			isa = PBXTargetDependency;
			target = 683501801B27A76400C28EF8 /* Remember Me */;
			targetProxy = 6835019B1B27A76400C28EF8 /* PBXContainerItemProxy */;
		};
/* End PBXTargetDependency section */

/* Begin PBXVariantGroup section */
		6835018E1B27A76400C28EF8 /* Main.storyboard */ = {
			isa = PBXVariantGroup;
			children = (
				6835018F1B27A76400C28EF8 /* Base */,
			);
			name = Main.storyboard;
			sourceTree = "<group>";
		};
		683501931B27A76400C28EF8 /* LaunchScreen.xib */ = {
			isa = PBXVariantGroup;
			children = (
				683501941B27A76400C28EF8 /* Base */,
			);
			name = LaunchScreen.xib;
			sourceTree = "<group>";
		};
/* End PBXVariantGroup section */

/* Begin XCBuildConfiguration section */
		683501A21B27A76400C28EF8 /* Debug */ = {
			isa = XCBuildConfiguration;
			buildSettings = {
				ALWAYS_SEARCH_USER_PATHS = NO;
				CLANG_CXX_LANGUAGE_STANDARD = "gnu++0x";
				CLANG_CXX_LIBRARY = "libc++";
				CLANG_ENABLE_MODULES = YES;
				CLANG_ENABLE_OBJC_ARC = YES;
				CLANG_WARN_BOOL_CONVERSION = YES;
				CLANG_WARN_CONSTANT_CONVERSION = YES;
				CLANG_WARN_DIRECT_OBJC_ISA_USAGE = YES_ERROR;
				CLANG_WARN_EMPTY_BODY = YES;
				CLANG_WARN_ENUM_CONVERSION = YES;
				CLANG_WARN_INT_CONVERSION = YES;
				CLANG_WARN_OBJC_ROOT_CLASS = YES_ERROR;
				CLANG_WARN_UNREACHABLE_CODE = YES;
				CLANG_WARN__DUPLICATE_METHOD_MATCH = YES;
				"CODE_SIGN_IDENTITY[sdk=iphoneos*]" = "iPhone Developer";
				COPY_PHASE_STRIP = NO;
				DEBUG_INFORMATION_FORMAT = "dwarf-with-dsym";
				ENABLE_STRICT_OBJC_MSGSEND = YES;
				GCC_C_LANGUAGE_STANDARD = gnu99;
				GCC_DYNAMIC_NO_PIC = NO;
				GCC_NO_COMMON_BLOCKS = YES;
				GCC_OPTIMIZATION_LEVEL = 0;
				GCC_PREPROCESSOR_DEFINITIONS = (
					"DEBUG=1",
					"$(inherited)",
				);
				GCC_SYMBOLS_PRIVATE_EXTERN = NO;
				GCC_WARN_64_TO_32_BIT_CONVERSION = YES;
				GCC_WARN_ABOUT_RETURN_TYPE = YES_ERROR;
				GCC_WARN_UNDECLARED_SELECTOR = YES;
				GCC_WARN_UNINITIALIZED_AUTOS = YES_AGGRESSIVE;
				GCC_WARN_UNUSED_FUNCTION = YES;
				GCC_WARN_UNUSED_VARIABLE = YES;
				IPHONEOS_DEPLOYMENT_TARGET = 8.3;
				MTL_ENABLE_DEBUG_INFO = YES;
				ONLY_ACTIVE_ARCH = YES;
				SDKROOT = iphoneos;
				TARGETED_DEVICE_FAMILY = "1,2";
			};
			name = Debug;
		};
		683501A31B27A76400C28EF8 /* Release */ = {
			isa = XCBuildConfiguration;
			buildSettings = {
				ALWAYS_SEARCH_USER_PATHS = NO;
				CLANG_CXX_LANGUAGE_STANDARD = "gnu++0x";
				CLANG_CXX_LIBRARY = "libc++";
				CLANG_ENABLE_MODULES = YES;
				CLANG_ENABLE_OBJC_ARC = YES;
				CLANG_WARN_BOOL_CONVERSION = YES;
				CLANG_WARN_CONSTANT_CONVERSION = YES;
				CLANG_WARN_DIRECT_OBJC_ISA_USAGE = YES_ERROR;
				CLANG_WARN_EMPTY_BODY = YES;
				CLANG_WARN_ENUM_CONVERSION = YES;
				CLANG_WARN_INT_CONVERSION = YES;
				CLANG_WARN_OBJC_ROOT_CLASS = YES_ERROR;
				CLANG_WARN_UNREACHABLE_CODE = YES;
				CLANG_WARN__DUPLICATE_METHOD_MATCH = YES;
				"CODE_SIGN_IDENTITY[sdk=iphoneos*]" = "iPhone Developer";
				COPY_PHASE_STRIP = NO;
				DEBUG_INFORMATION_FORMAT = "dwarf-with-dsym";
				ENABLE_NS_ASSERTIONS = NO;
				ENABLE_STRICT_OBJC_MSGSEND = YES;
				GCC_C_LANGUAGE_STANDARD = gnu99;
				GCC_NO_COMMON_BLOCKS = YES;
				GCC_WARN_64_TO_32_BIT_CONVERSION = YES;
				GCC_WARN_ABOUT_RETURN_TYPE = YES_ERROR;
				GCC_WARN_UNDECLARED_SELECTOR = YES;
				GCC_WARN_UNINITIALIZED_AUTOS = YES_AGGRESSIVE;
				GCC_WARN_UNUSED_FUNCTION = YES;
				GCC_WARN_UNUSED_VARIABLE = YES;
				IPHONEOS_DEPLOYMENT_TARGET = 8.3;
				MTL_ENABLE_DEBUG_INFO = NO;
				SDKROOT = iphoneos;
				TARGETED_DEVICE_FAMILY = "1,2";
				VALIDATE_PRODUCT = YES;
			};
			name = Release;
		};
		683501A51B27A76400C28EF8 /* Debug */ = {
			isa = XCBuildConfiguration;
			buildSettings = {
				ASSETCATALOG_COMPILER_APPICON_NAME = AppIcon;
				CODE_SIGN_ENTITLEMENTS = "Remember Me/Remember Me.entitlements";
				CODE_SIGN_IDENTITY = "iPhone Developer";
				"CODE_SIGN_IDENTITY[sdk=iphoneos*]" = "iPhone Developer";
				FRAMEWORK_SEARCH_PATHS = (
					"$(inherited)",
					"$(PROJECT_DIR)",
				);
				INFOPLIST_FILE = "Remember Me/Info.plist";
				LD_RUNPATH_SEARCH_PATHS = "$(inherited) @executable_path/Frameworks";
				PRODUCT_NAME = "$(TARGET_NAME)";
				PROVISIONING_PROFILE = "";
			};
			name = Debug;
		};
		683501A61B27A76400C28EF8 /* Release */ = {
			isa = XCBuildConfiguration;
			buildSettings = {
				ASSETCATALOG_COMPILER_APPICON_NAME = AppIcon;
				CODE_SIGN_ENTITLEMENTS = "Remember Me/Remember Me.entitlements";
				CODE_SIGN_IDENTITY = "iPhone Developer";
				"CODE_SIGN_IDENTITY[sdk=iphoneos*]" = "iPhone Developer";
				FRAMEWORK_SEARCH_PATHS = (
					"$(inherited)",
					"$(PROJECT_DIR)",
				);
				INFOPLIST_FILE = "Remember Me/Info.plist";
				LD_RUNPATH_SEARCH_PATHS = "$(inherited) @executable_path/Frameworks";
				PRODUCT_NAME = "$(TARGET_NAME)";
				PROVISIONING_PROFILE = "";
			};
			name = Release;
		};
		683501A81B27A76400C28EF8 /* Debug */ = {
			isa = XCBuildConfiguration;
			buildSettings = {
				BUNDLE_LOADER = "$(TEST_HOST)";
				FRAMEWORK_SEARCH_PATHS = (
					"$(SDKROOT)/Developer/Library/Frameworks",
					"$(inherited)",
				);
				GCC_PREPROCESSOR_DEFINITIONS = (
					"DEBUG=1",
					"$(inherited)",
				);
				INFOPLIST_FILE = "Remember MeTests/Info.plist";
				LD_RUNPATH_SEARCH_PATHS = "$(inherited) @executable_path/Frameworks @loader_path/Frameworks";
				PRODUCT_NAME = "$(TARGET_NAME)";
				TEST_HOST = "$(BUILT_PRODUCTS_DIR)/Remember Me.app/Remember Me";
			};
			name = Debug;
		};
		683501A91B27A76400C28EF8 /* Release */ = {
			isa = XCBuildConfiguration;
			buildSettings = {
				BUNDLE_LOADER = "$(TEST_HOST)";
				FRAMEWORK_SEARCH_PATHS = (
					"$(SDKROOT)/Developer/Library/Frameworks",
					"$(inherited)",
				);
				INFOPLIST_FILE = "Remember MeTests/Info.plist";
				LD_RUNPATH_SEARCH_PATHS = "$(inherited) @executable_path/Frameworks @loader_path/Frameworks";
				PRODUCT_NAME = "$(TARGET_NAME)";
				TEST_HOST = "$(BUILT_PRODUCTS_DIR)/Remember Me.app/Remember Me";
			};
			name = Release;
		};
/* End XCBuildConfiguration section */

/* Begin XCConfigurationList section */
		6835017C1B27A76400C28EF8 /* Build configuration list for PBXProject "Remember Me" */ = {
			isa = XCConfigurationList;
			buildConfigurations = (
				683501A21B27A76400C28EF8 /* Debug */,
				683501A31B27A76400C28EF8 /* Release */,
			);
			defaultConfigurationIsVisible = 0;
			defaultConfigurationName = Release;
		};
		683501A41B27A76400C28EF8 /* Build configuration list for PBXNativeTarget "Remember Me" */ = {
			isa = XCConfigurationList;
			buildConfigurations = (
				683501A51B27A76400C28EF8 /* Debug */,
				683501A61B27A76400C28EF8 /* Release */,
			);
			defaultConfigurationIsVisible = 0;
		};
		683501A71B27A76400C28EF8 /* Build configuration list for PBXNativeTarget "Remember MeTests" */ = {
			isa = XCConfigurationList;
			buildConfigurations = (
				683501A81B27A76400C28EF8 /* Debug */,
				683501A91B27A76400C28EF8 /* Release */,
			);
			defaultConfigurationIsVisible = 0;
		};
/* End XCConfigurationList section */
	};
	rootObject = 683501791B27A76400C28EF8 /* Project object */;
}
